
Microsoft Visual Studio Solution File, Format Version 12.00
# Visual Studio Version 17
VisualStudioVersion = 17.0.31825.309
MinimumVisualStudioVersion = 10.0.40219.1
Project("{FAE04EC0-301F-11D3-BF4B-00C04F79EFBC}") = "Tooensure.ErrorHandling", "Tooensure.gRPC.ErrorHandling\Tooensure.ErrorHandling.csproj", "{DD7A0530-5518-4D52-B537-6539985408A0}"
EndProject
Project("{FAE04EC0-301F-11D3-BF4B-00C04F79EFBC}") = "TNuget.Package", "TNuget.Package\TNuget.Package.csproj", "{01293F2D-42FA-4B3D-977C-C72E57803BC5}"
EndProject
Global
	GlobalSection(SolutionConfigurationPlatforms) = preSolution
		Debug|Any CPU = Debug|Any CPU
		Release|Any CPU = Release|Any CPU
	EndGlobalSection
	GlobalSection(ProjectConfigurationPlatforms) = postSolution
		{DD7A0530-5518-4D52-B537-6539985408A0}.Debug|Any CPU.ActiveCfg = Debug|Any CPU
		{DD7A0530-5518-4D52-B537-6539985408A0}.Debug|Any CPU.Build.0 = Debug|Any CPU
		{DD7A0530-5518-4D52-B537-6539985408A0}.Release|Any CPU.ActiveCfg = Release|Any CPU
		{DD7A0530-5518-4D52-B537-6539985408A0}.Release|Any CPU.Build.0 = Release|Any CPU
		{01293F2D-42FA-4B3D-977C-C72E57803BC5}.Debug|Any CPU.ActiveCfg = Debug|Any CPU
		{01293F2D-42FA-4B3D-977C-C72E57803BC5}.Debug|Any CPU.Build.0 = Debug|Any CPU
		{01293F2D-42FA-4B3D-977C-C72E57803BC5}.Release|Any CPU.ActiveCfg = Release|Any CPU
		{01293F2D-42FA-4B3D-977C-C72E57803BC5}.Release|Any CPU.Build.0 = Release|Any CPU
	EndGlobalSection
	GlobalSection(SolutionProperties) = preSolution
		HideSolutionNode = FALSE
	EndGlobalSection
	GlobalSection(ExtensibilityGlobals) = postSolution
		SolutionGuid = {C260940E-C667-4C8A-B84B-D151520C2E70}
	EndGlobalSection
EndGlobal
